
Microsoft Visual Studio Solution File, Format Version 12.00
# Visual Studio Version 17
VisualStudioVersion = 17.13.35913.81
MinimumVisualStudioVersion = 10.0.40219.1
Project("{FAE04EC0-301F-11D3-BF4B-00C04F79EFBC}") = "TaskManager.API", "TaskManager.API\TaskManager.API.csproj", "{8540D83C-B601-44A1-9BB9-57FAE2A68900}"
EndProject
Project("{FAE04EC0-301F-11D3-BF4B-00C04F79EFBC}") = "TaskManager.Infrastructure", "TaskManager.Infrastructure\TaskManager.Infrastructure.csproj", "{B3548817-992E-45D5-A5E0-A0D39A271C12}"
EndProject
Project("{FAE04EC0-301F-11D3-BF4B-00C04F79EFBC}") = "TaskManager.Application", "TaskManager.Application\TaskManager.Application.csproj", "{74385117-2505-4FC2-8377-77E7B0461BAE}"
EndProject
Project("{FAE04EC0-301F-11D3-BF4B-00C04F79EFBC}") = "TaskManager.Domain", "TaskManager.Domain\TaskManager.Domain.csproj", "{4BFEB1F8-DC1B-4D5F-AFA4-0AC187E0DB38}"
EndProject
Global
	GlobalSection(SolutionConfigurationPlatforms) = preSolution
		Debug|Any CPU = Debug|Any CPU
		Release|Any CPU = Release|Any CPU
	EndGlobalSection
	GlobalSection(ProjectConfigurationPlatforms) = postSolution
		{8540D83C-B601-44A1-9BB9-57FAE2A68900}.Debug|Any CPU.ActiveCfg = Debug|Any CPU
		{8540D83C-B601-44A1-9BB9-57FAE2A68900}.Debug|Any CPU.Build.0 = Debug|Any CPU
		{8540D83C-B601-44A1-9BB9-57FAE2A68900}.Release|Any CPU.ActiveCfg = Release|Any CPU
		{8540D83C-B601-44A1-9BB9-57FAE2A68900}.Release|Any CPU.Build.0 = Release|Any CPU
		{B3548817-992E-45D5-A5E0-A0D39A271C12}.Debug|Any CPU.ActiveCfg = Debug|Any CPU
		{B3548817-992E-45D5-A5E0-A0D39A271C12}.Debug|Any CPU.Build.0 = Debug|Any CPU
		{B3548817-992E-45D5-A5E0-A0D39A271C12}.Release|Any CPU.ActiveCfg = Release|Any CPU
		{B3548817-992E-45D5-A5E0-A0D39A271C12}.Release|Any CPU.Build.0 = Release|Any CPU
		{74385117-2505-4FC2-8377-77E7B0461BAE}.Debug|Any CPU.ActiveCfg = Debug|Any CPU
		{74385117-2505-4FC2-8377-77E7B0461BAE}.Debug|Any CPU.Build.0 = Debug|Any CPU
		{74385117-2505-4FC2-8377-77E7B0461BAE}.Release|Any CPU.ActiveCfg = Release|Any CPU
		{74385117-2505-4FC2-8377-77E7B0461BAE}.Release|Any CPU.Build.0 = Release|Any CPU
		{4BFEB1F8-DC1B-4D5F-AFA4-0AC187E0DB38}.Debug|Any CPU.ActiveCfg = Debug|Any CPU
		{4BFEB1F8-DC1B-4D5F-AFA4-0AC187E0DB38}.Debug|Any CPU.Build.0 = Debug|Any CPU
		{4BFEB1F8-DC1B-4D5F-AFA4-0AC187E0DB38}.Release|Any CPU.ActiveCfg = Release|Any CPU
		{4BFEB1F8-DC1B-4D5F-AFA4-0AC187E0DB38}.Release|Any CPU.Build.0 = Release|Any CPU
	EndGlobalSection
	GlobalSection(SolutionProperties) = preSolution
		HideSolutionNode = FALSE
	EndGlobalSection
	GlobalSection(ExtensibilityGlobals) = postSolution
		SolutionGuid = {1ABE7523-5E14-4A1F-B393-FA966DBED906}
	EndGlobalSection
EndGlobal
